# This file is automatically @generated by Cargo.
# It is not intended for manual editing.
version = 3

[[package]]
name = "lynx"
version = "0.1.0"
dependencies = [
 "lynx-cpp-bridge",
]

[[package]]
name = "lynx-cpp-bridge"
version = "0.1.0"

[[package]]
name = "lynx-headless-example"
version = "0.1.0"
dependencies = [
 "lynx",
]
